{
  "version": 4,
  "terraform_version": "1.10.5",
  "serial": 20,
  "lineage": "94d4e500-e965-7f62-b5e3-bfc515aed599",
  "outputs": {
    "cluster_ca_certificate": {
      "value": "LS0tLS1CRUdJTiBDRVJUSUZJQ0FURS0tLS0tCk1JSURCVENDQWUyZ0F3SUJBZ0lJRXBvdW13WEJsVVV3RFFZSktvWklodmNOQVFFTEJRQXdGVEVUTUJFR0ExVUUKQXhNS2EzVmlaWEp1WlhSbGN6QWVGdzB5TlRBNU1qWXdOVFUzTWpWYUZ3MHpOVEE1TWpRd05qQXlNalZhTUJVeApFekFSQmdOVkJBTVRDbXQxWW1WeWJtVjBaWE13Z2dFaU1BMEdDU3FHU0liM0RRRUJBUVVBQTRJQkR3QXdnZ0VLCkFvSUJBUUMyaGthc0tDWXQvK0Vtb2ZHejFoaHpKSkthdk5xbHIweVdqOWdvZ0gvYkZIbGNiT04yZG1GTENGS0IKd0k5M2hZRW16OWRpMm1ZQVdpWUgyYmRvdGNrbnhMb0FmUUVDb083VUlYRlNuamdYVGFac2FVOHpDdmtRYnFKbApjbzFiMUJGcnJSaHZqblBWWm83QVJVTFdRcUlReldzWXdQalErS3lHei9xdVNSSmplNmdDSVgzQzRHTEoxdDVlCkFLeUdoN1JmcVpic1RsSEpld2haZnI3VlgzR1Vod09IcG01T1R4THFKV2diSVp1djVnZ0s4cE8yUVZqK29WSHoKdGZ6VVErUkRtTTNFSnlDaS9WYWEzd1RNU1Rqa1hyWlFiQzNKQTN3QjJyV3VvaHZCSmNOMU52OTBpN0NwZmI5UQo2N1lUTTl5Uys5V2NyRm4yOGlsUHROTzNHWmNKQWdNQkFBR2pXVEJYTUE0R0ExVWREd0VCL3dRRUF3SUNwREFQCkJnTlZIUk1CQWY4RUJUQURBUUgvTUIwR0ExVWREZ1FXQkJUT0oxNTIzZkIrSE5FQldYaTQ4enpvbGdsMGx6QVYKQmdOVkhSRUVEakFNZ2dwcmRXSmxjbTVsZEdWek1BMEdDU3FHU0liM0RRRUJDd1VBQTRJQkFRQ3VBRUpPNVVuegpOTG5IdGMxRUh4SEdFTjRMcktscUFJT2xOeUUzOUF0cVRndXcwNnpYWmhPUTVidXFpK04yS1VFR3pCVWJMQ0xZCk0zV3NIZUZUMjVyTzBPNnJ6YzNCc3hTdmtvQncyYzNhd29KSEdMZnAvOGFTb3g1RlY2dU1LNzRuSTJIU0VwL2sKV2JSUjF0c08xdUxSZUYyVWROMnRyaTloUWJtWS9nakdSUWJrNHRuck5GLzczZ2dQdkNPeEZncXB1eWxqdC9IUApEdmZzOU5DUWN1blA2Nk5PV3hFZWRNQWdMRnB3VkRubWwwTHVzdmhNaDlmcGY2a0oxSDNaa2p3ODRTOWZqVWUyCllKNWtReitnYVZNUXZDZisvbnd2S2g3dFFqMFhVTGpQR1VNYTF4NDFWb3RKWDF6RGNUcUhJTGJDMmJOeXhPUEwKcFBDdE9CcDAydVpBCi0tLS0tRU5EIENFUlRJRklDQVRFLS0tLS0K",
      "type": "string"
    },
    "cluster_endpoint": {
      "value": "https://92CAB8067D9BF032813AB04A0C5B5931.gr7.us-east-1.eks.amazonaws.com",
      "type": "string"
    }
  },
  "resources": [
    {
      "mode": "managed",
      "type": "aws_eks_cluster",
      "name": "my_cluster",
      "provider": "provider[\"registry.terraform.io/hashicorp/aws\"]",
      "instances": [
        {
          "schema_version": 1,
          "attributes": {
            "access_config": [
              {
                "authentication_mode": "CONFIG_MAP",
                "bootstrap_cluster_creator_admin_permissions": true
              }
            ],
            "arn": "arn:aws:eks:us-east-1:794449909076:cluster/ia-eks-cluster",
            "bootstrap_self_managed_addons": true,
            "certificate_authority": [
              {
                "data": "LS0tLS1CRUdJTiBDRVJUSUZJQ0FURS0tLS0tCk1JSURCVENDQWUyZ0F3SUJBZ0lJRXBvdW13WEJsVVV3RFFZSktvWklodmNOQVFFTEJRQXdGVEVUTUJFR0ExVUUKQXhNS2EzVmlaWEp1WlhSbGN6QWVGdzB5TlRBNU1qWXdOVFUzTWpWYUZ3MHpOVEE1TWpRd05qQXlNalZhTUJVeApFekFSQmdOVkJBTVRDbXQxWW1WeWJtVjBaWE13Z2dFaU1BMEdDU3FHU0liM0RRRUJBUVVBQTRJQkR3QXdnZ0VLCkFvSUJBUUMyaGthc0tDWXQvK0Vtb2ZHejFoaHpKSkthdk5xbHIweVdqOWdvZ0gvYkZIbGNiT04yZG1GTENGS0IKd0k5M2hZRW16OWRpMm1ZQVdpWUgyYmRvdGNrbnhMb0FmUUVDb083VUlYRlNuamdYVGFac2FVOHpDdmtRYnFKbApjbzFiMUJGcnJSaHZqblBWWm83QVJVTFdRcUlReldzWXdQalErS3lHei9xdVNSSmplNmdDSVgzQzRHTEoxdDVlCkFLeUdoN1JmcVpic1RsSEpld2haZnI3VlgzR1Vod09IcG01T1R4THFKV2diSVp1djVnZ0s4cE8yUVZqK29WSHoKdGZ6VVErUkRtTTNFSnlDaS9WYWEzd1RNU1Rqa1hyWlFiQzNKQTN3QjJyV3VvaHZCSmNOMU52OTBpN0NwZmI5UQo2N1lUTTl5Uys5V2NyRm4yOGlsUHROTzNHWmNKQWdNQkFBR2pXVEJYTUE0R0ExVWREd0VCL3dRRUF3SUNwREFQCkJnTlZIUk1CQWY4RUJUQURBUUgvTUIwR0ExVWREZ1FXQkJUT0oxNTIzZkIrSE5FQldYaTQ4enpvbGdsMGx6QVYKQmdOVkhSRUVEakFNZ2dwcmRXSmxjbTVsZEdWek1BMEdDU3FHU0liM0RRRUJDd1VBQTRJQkFRQ3VBRUpPNVVuegpOTG5IdGMxRUh4SEdFTjRMcktscUFJT2xOeUUzOUF0cVRndXcwNnpYWmhPUTVidXFpK04yS1VFR3pCVWJMQ0xZCk0zV3NIZUZUMjVyTzBPNnJ6YzNCc3hTdmtvQncyYzNhd29KSEdMZnAvOGFTb3g1RlY2dU1LNzRuSTJIU0VwL2sKV2JSUjF0c08xdUxSZUYyVWROMnRyaTloUWJtWS9nakdSUWJrNHRuck5GLzczZ2dQdkNPeEZncXB1eWxqdC9IUApEdmZzOU5DUWN1blA2Nk5PV3hFZWRNQWdMRnB3VkRubWwwTHVzdmhNaDlmcGY2a0oxSDNaa2p3ODRTOWZqVWUyCllKNWtReitnYVZNUXZDZisvbnd2S2g3dFFqMFhVTGpQR1VNYTF4NDFWb3RKWDF6RGNUcUhJTGJDMmJOeXhPUEwKcFBDdE9CcDAydVpBCi0tLS0tRU5EIENFUlRJRklDQVRFLS0tLS0K"
              }
            ],
            "cluster_id": null,
            "compute_config": [],
            "created_at": "2025-09-26T05:56:46Z",
            "deletion_protection": false,
            "enabled_cluster_log_types": null,
            "encryption_config": [],
            "endpoint": "https://92CAB8067D9BF032813AB04A0C5B5931.gr7.us-east-1.eks.amazonaws.com",
            "force_update_version": null,
            "id": "ia-eks-cluster",
            "identity": [
              {
                "oidc": [
                  {
                    "issuer": "https://oidc.eks.us-east-1.amazonaws.com/id/92CAB8067D9BF032813AB04A0C5B5931"
                  }
                ]
              }
            ],
            "kubernetes_network_config": [
              {
                "elastic_load_balancing": [
                  {
                    "enabled": false
                  }
                ],
                "ip_family": "ipv4",
                "service_ipv4_cidr": "172.20.0.0/16",
                "service_ipv6_cidr": ""
              }
            ],
            "name": "ia-eks-cluster",
            "outpost_config": [],
            "platform_version": "eks.14",
            "region": "us-east-1",
            "remote_network_config": [],
            "role_arn": "arn:aws:iam::794449909076:role/ia-eks-cluster-role",
            "status": "ACTIVE",
            "storage_config": [],
            "tags": null,
            "tags_all": {},
            "timeouts": null,
            "upgrade_policy": [
              {
                "support_type": "EXTENDED"
              }
            ],
            "version": "1.33",
            "vpc_config": [
              {
                "cluster_security_group_id": "sg-09f2bbf913fadcd43",
                "endpoint_private_access": false,
                "endpoint_public_access": true,
                "public_access_cidrs": [
                  "0.0.0.0/0"
                ],
                "security_group_ids": null,
                "subnet_ids": [
                  "subnet-072f1b223fd9d181e",
                  "subnet-08e23735735e184f7"
                ],
                "vpc_id": "vpc-02647fcadc2d55aef"
              }
            ],
            "zonal_shift_config": []
          },
          "sensitive_attributes": [],
          "private": "eyJlMmJmYjczMC1lY2FhLTExZTYtOGY4OC0zNDM2M2JjN2M0YzAiOnsiY3JlYXRlIjoxODAwMDAwMDAwMDAwLCJkZWxldGUiOjkwMDAwMDAwMDAwMCwidXBkYXRlIjozNjAwMDAwMDAwMDAwfSwic2NoZW1hX3ZlcnNpb24iOiIxIn0=",
          "dependencies": [
            "aws_iam_role.eks_cluster_role",
            "aws_subnet.my_subnets",
            "aws_vpc.my_vpc"
          ]
        }
      ]
    },
    {
      "mode": "managed",
      "type": "aws_iam_role",
      "name": "eks_cluster_role",
      "provider": "provider[\"registry.terraform.io/hashicorp/aws\"]",
      "instances": [
        {
          "schema_version": 0,
          "attributes": {
            "arn": "arn:aws:iam::794449909076:role/ia-eks-cluster-role",
            "assume_role_policy": "{\"Statement\":[{\"Action\":\"sts:AssumeRole\",\"Effect\":\"Allow\",\"Principal\":{\"Service\":\"eks.amazonaws.com\"}}],\"Version\":\"2012-10-17\"}",
            "create_date": "2025-09-26T05:56:43Z",
            "description": "",
            "force_detach_policies": false,
            "id": "ia-eks-cluster-role",
            "inline_policy": [],
            "managed_policy_arns": [],
            "max_session_duration": 3600,
            "name": "ia-eks-cluster-role",
            "name_prefix": "",
            "path": "/",
            "permissions_boundary": "",
            "tags": null,
            "tags_all": {},
            "unique_id": "AROA3R6HHSVKOXXUWGZYY"
          },
          "sensitive_attributes": [],
          "private": "bnVsbA=="
        }
      ]
    },
    {
      "mode": "managed",
      "type": "aws_internet_gateway",
      "name": "my_igw",
      "provider": "provider[\"registry.terraform.io/hashicorp/aws\"]",
      "instances": [
        {
          "schema_version": 0,
          "attributes": {
            "arn": "arn:aws:ec2:us-east-1:794449909076:internet-gateway/igw-0666e09e4c2efa96d",
            "id": "igw-0666e09e4c2efa96d",
            "owner_id": "794449909076",
            "region": "us-east-1",
            "tags": {
              "Name": "ia-eks-igw"
            },
            "tags_all": {
              "Name": "ia-eks-igw"
            },
            "timeouts": null,
            "vpc_id": "vpc-02647fcadc2d55aef"
          },
          "sensitive_attributes": [],
          "private": "eyJlMmJmYjczMC1lY2FhLTExZTYtOGY4OC0zNDM2M2JjN2M0YzAiOnsiY3JlYXRlIjoxMjAwMDAwMDAwMDAwLCJkZWxldGUiOjEyMDAwMDAwMDAwMDAsInVwZGF0ZSI6MTIwMDAwMDAwMDAwMH19",
          "dependencies": [
            "aws_vpc.my_vpc"
          ]
        }
      ]
    },
    {
      "mode": "managed",
      "type": "aws_route_table",
      "name": "my_public_rt",
      "provider": "provider[\"registry.terraform.io/hashicorp/aws\"]",
      "instances": [
        {
          "schema_version": 0,
          "attributes": {
            "arn": "arn:aws:ec2:us-east-1:794449909076:route-table/rtb-0192b2ca2a2407518",
            "id": "rtb-0192b2ca2a2407518",
            "owner_id": "794449909076",
            "propagating_vgws": [],
            "region": "us-east-1",
            "route": [
              {
                "carrier_gateway_id": "",
                "cidr_block": "0.0.0.0/0",
                "core_network_arn": "",
                "destination_prefix_list_id": "",
                "egress_only_gateway_id": "",
                "gateway_id": "igw-0666e09e4c2efa96d",
                "ipv6_cidr_block": "",
                "local_gateway_id": "",
                "nat_gateway_id": "",
                "network_interface_id": "",
                "transit_gateway_id": "",
                "vpc_endpoint_id": "",
                "vpc_peering_connection_id": ""
              }
            ],
            "tags": {
              "Name": "ia-eks-public-rt"
            },
            "tags_all": {
              "Name": "ia-eks-public-rt"
            },
            "timeouts": null,
            "vpc_id": "vpc-02647fcadc2d55aef"
          },
          "sensitive_attributes": [],
          "private": "eyJlMmJmYjczMC1lY2FhLTExZTYtOGY4OC0zNDM2M2JjN2M0YzAiOnsiY3JlYXRlIjozMDAwMDAwMDAwMDAsImRlbGV0ZSI6MzAwMDAwMDAwMDAwLCJ1cGRhdGUiOjEyMDAwMDAwMDAwMH19",
          "dependencies": [
            "aws_internet_gateway.my_igw",
            "aws_vpc.my_vpc"
          ]
        }
      ]
    },
    {
      "mode": "managed",
      "type": "aws_route_table_association",
      "name": "my_subnet_association",
      "provider": "provider[\"registry.terraform.io/hashicorp/aws\"]",
      "instances": [
        {
          "index_key": 0,
          "schema_version": 0,
          "attributes": {
            "gateway_id": "",
            "id": "rtbassoc-090c64f28f29c77b5",
            "region": "us-east-1",
            "route_table_id": "rtb-0192b2ca2a2407518",
            "subnet_id": "subnet-072f1b223fd9d181e",
            "timeouts": null
          },
          "sensitive_attributes": [],
          "private": "eyJlMmJmYjczMC1lY2FhLTExZTYtOGY4OC0zNDM2M2JjN2M0YzAiOnsiY3JlYXRlIjozMDAwMDAwMDAwMDAsImRlbGV0ZSI6MzAwMDAwMDAwMDAwLCJ1cGRhdGUiOjEyMDAwMDAwMDAwMH19",
          "dependencies": [
            "aws_internet_gateway.my_igw",
            "aws_route_table.my_public_rt",
            "aws_subnet.my_subnets",
            "aws_vpc.my_vpc"
          ]
        },
        {
          "index_key": 1,
          "schema_version": 0,
          "attributes": {
            "gateway_id": "",
            "id": "rtbassoc-02061d7dc4d48b2b0",
            "region": "us-east-1",
            "route_table_id": "rtb-0192b2ca2a2407518",
            "subnet_id": "subnet-08e23735735e184f7",
            "timeouts": null
          },
          "sensitive_attributes": [],
          "private": "eyJlMmJmYjczMC1lY2FhLTExZTYtOGY4OC0zNDM2M2JjN2M0YzAiOnsiY3JlYXRlIjozMDAwMDAwMDAwMDAsImRlbGV0ZSI6MzAwMDAwMDAwMDAwLCJ1cGRhdGUiOjEyMDAwMDAwMDAwMH19",
          "dependencies": [
            "aws_internet_gateway.my_igw",
            "aws_route_table.my_public_rt",
            "aws_subnet.my_subnets",
            "aws_vpc.my_vpc"
          ]
        }
      ]
    },
    {
      "mode": "managed",
      "type": "aws_subnet",
      "name": "my_subnets",
      "provider": "provider[\"registry.terraform.io/hashicorp/aws\"]",
      "instances": [
        {
          "index_key": 0,
          "schema_version": 1,
          "attributes": {
            "arn": "arn:aws:ec2:us-east-1:794449909076:subnet/subnet-072f1b223fd9d181e",
            "assign_ipv6_address_on_creation": false,
            "availability_zone": "us-east-1a",
            "availability_zone_id": "use1-az1",
            "cidr_block": "10.0.1.0/24",
            "customer_owned_ipv4_pool": "",
            "enable_dns64": false,
            "enable_lni_at_device_index": 0,
            "enable_resource_name_dns_a_record_on_launch": false,
            "enable_resource_name_dns_aaaa_record_on_launch": false,
            "id": "subnet-072f1b223fd9d181e",
            "ipv6_cidr_block": "",
            "ipv6_cidr_block_association_id": "",
            "ipv6_native": false,
            "map_customer_owned_ip_on_launch": false,
            "map_public_ip_on_launch": true,
            "outpost_arn": "",
            "owner_id": "794449909076",
            "private_dns_hostname_type_on_launch": "ip-name",
            "region": "us-east-1",
            "tags": {
              "Name": "ia-eks-subnet-1",
              "kubernetes.io/role/elb": "1"
            },
            "tags_all": {
              "Name": "ia-eks-subnet-1",
              "kubernetes.io/role/elb": "1"
            },
            "timeouts": null,
            "vpc_id": "vpc-02647fcadc2d55aef"
          },
          "sensitive_attributes": [],
          "private": "eyJlMmJmYjczMC1lY2FhLTExZTYtOGY4OC0zNDM2M2JjN2M0YzAiOnsiY3JlYXRlIjo2MDAwMDAwMDAwMDAsImRlbGV0ZSI6MTIwMDAwMDAwMDAwMH0sInNjaGVtYV92ZXJzaW9uIjoiMSJ9",
          "dependencies": [
            "aws_vpc.my_vpc"
          ]
        },
        {
          "index_key": 1,
          "schema_version": 1,
          "attributes": {
            "arn": "arn:aws:ec2:us-east-1:794449909076:subnet/subnet-08e23735735e184f7",
            "assign_ipv6_address_on_creation": false,
            "availability_zone": "us-east-1b",
            "availability_zone_id": "use1-az2",
            "cidr_block": "10.0.2.0/24",
            "customer_owned_ipv4_pool": "",
            "enable_dns64": false,
            "enable_lni_at_device_index": 0,
            "enable_resource_name_dns_a_record_on_launch": false,
            "enable_resource_name_dns_aaaa_record_on_launch": false,
            "id": "subnet-08e23735735e184f7",
            "ipv6_cidr_block": "",
            "ipv6_cidr_block_association_id": "",
            "ipv6_native": false,
            "map_customer_owned_ip_on_launch": false,
            "map_public_ip_on_launch": true,
            "outpost_arn": "",
            "owner_id": "794449909076",
            "private_dns_hostname_type_on_launch": "ip-name",
            "region": "us-east-1",
            "tags": {
              "Name": "ia-eks-subnet-2",
              "kubernetes.io/role/elb": "1"
            },
            "tags_all": {
              "Name": "ia-eks-subnet-2",
              "kubernetes.io/role/elb": "1"
            },
            "timeouts": null,
            "vpc_id": "vpc-02647fcadc2d55aef"
          },
          "sensitive_attributes": [],
          "private": "eyJlMmJmYjczMC1lY2FhLTExZTYtOGY4OC0zNDM2M2JjN2M0YzAiOnsiY3JlYXRlIjo2MDAwMDAwMDAwMDAsImRlbGV0ZSI6MTIwMDAwMDAwMDAwMH0sInNjaGVtYV92ZXJzaW9uIjoiMSJ9",
          "dependencies": [
            "aws_vpc.my_vpc"
          ]
        }
      ]
    },
    {
      "mode": "managed",
      "type": "aws_vpc",
      "name": "my_vpc",
      "provider": "provider[\"registry.terraform.io/hashicorp/aws\"]",
      "instances": [
        {
          "schema_version": 1,
          "attributes": {
            "arn": "arn:aws:ec2:us-east-1:794449909076:vpc/vpc-02647fcadc2d55aef",
            "assign_generated_ipv6_cidr_block": false,
            "cidr_block": "10.0.0.0/16",
            "default_network_acl_id": "acl-0bc6aefd5f42eab50",
            "default_route_table_id": "rtb-08d2098e08057ba8d",
            "default_security_group_id": "sg-0f2fb98c6468fef96",
            "dhcp_options_id": "dopt-d4d4e1af",
            "enable_dns_hostnames": true,
            "enable_dns_support": true,
            "enable_network_address_usage_metrics": false,
            "id": "vpc-02647fcadc2d55aef",
            "instance_tenancy": "default",
            "ipv4_ipam_pool_id": null,
            "ipv4_netmask_length": null,
            "ipv6_association_id": "",
            "ipv6_cidr_block": "",
            "ipv6_cidr_block_network_border_group": "",
            "ipv6_ipam_pool_id": "",
            "ipv6_netmask_length": 0,
            "main_route_table_id": "rtb-08d2098e08057ba8d",
            "owner_id": "794449909076",
            "region": "us-east-1",
            "tags": {
              "Name": "ia-eks-vpc"
            },
            "tags_all": {
              "Name": "ia-eks-vpc"
            }
          },
          "sensitive_attributes": [],
          "private": "eyJzY2hlbWFfdmVyc2lvbiI6IjEifQ=="
        }
      ]
    }
  ],
  "check_results": null
}
